// !$*UTF8*$!
{
	archiveVersion = 1;
	classes = {
	};
	objectVersion = 77;
	objects = {

/* Begin PBXFileReference section */
		A10000000000000000000001 /* SwiftyTranscoder.app */ = {isa = PBXFileReference; explicitFileType = wrapper.application; includeInIndex = 0; path = SwiftyTranscoder.app; sourceTree = BUILT_PRODUCTS_DIR; };
/* End PBXFileReference section */

/* Begin PBXFileSystemSynchronizedRootGroup section */
		A10000000000000000000002 /* SwiftyTranscoder */ = {
			isa = PBXFileSystemSynchronizedRootGroup;
			path = SwiftyTranscoder;
			sourceTree = "<group>";
		};
/* End PBXFileSystemSynchronizedRootGroup section */

/* Begin PBXFrameworksBuildPhase section */
		A10000000000000000000003 /* Frameworks */ = {
			isa = PBXFrameworksBuildPhase;
			buildActionMask = 2147483647;
			files = (
			);
			runOnlyForDeploymentPostprocessing = 0;
		};
/* End PBXFrameworksBuildPhase section */

/* Begin PBXGroup section */
		A10000000000000000000004 = {
			isa = PBXGroup;
			children = (
				A10000000000000000000002 /* SwiftyTranscoder */,
				A10000000000000000000005 /* Products */,
			);
			sourceTree = "<group>";
		};
		A10000000000000000000005 /* Products */ = {
			isa = PBXGroup;
			children = (
				A10000000000000000000001 /* SwiftyTranscoder.app */,
			);
			name = Products;
			sourceTree = "<group>";
		};
/* End PBXGroup section */

/* Begin PBXNativeTarget section */
		A10000000000000000000006 /* SwiftyTranscoder */ = {
			isa = PBXNativeTarget;
			buildConfigurationList = A10000000000000000000007 /* Build configuration list for PBXNativeTarget "SwiftyTranscoder" */;
			buildPhases = (
				A10000000000000000000008 /* Sources */,
				A10000000000000000000003 /* Frameworks */,
				A10000000000000000000009 /* Resources */,
				A10000000000000000000010 /* Embed Toolchain */,
			);
			buildRules = (
			);
			dependencies = (
			);
			fileSystemSynchronizedGroups = (
				A10000000000000000000002 /* SwiftyTranscoder */,
			);
			name = SwiftyTranscoder;
			packageProductDependencies = (
			);
			productName = SwiftyTranscoder;
			productReference = A10000000000000000000001 /* SwiftyTranscoder.app */;
			productType = "com.apple.product-type.application";
		};
/* End PBXNativeTarget section */

/* Begin PBXProject section */
		A1000000000000000000000A /* Project object */ = {
			isa = PBXProject;
			attributes = {
				BuildIndependentTargetsInParallel = 1;
				LastSwiftUpdateCheck = 2700;
				LastUpgradeCheck = 2700;
				TargetAttributes = {
					A10000000000000000000006 = {
						CreatedOnToolsVersion = 27.0;
					};
				};
			};
			buildConfigurationList = A1000000000000000000000B /* Build configuration list for PBXProject "SwiftyTranscoder" */;
			developmentRegion = en;
			hasScannedForEncodings = 0;
			knownRegions = (
				en,
				Base,
			);
			mainGroup = A10000000000000000000004;
			minimizedProjectReferenceProxies = 1;
			preferredProjectObjectVersion = 77;
			productRefGroup = A10000000000000000000005 /* Products */;
			projectDirPath = "";
			projectRoot = "";
			targets = (
				A10000000000000000000006 /* SwiftyTranscoder */,
			);
		};
/* End PBXProject section */

/* Begin PBXResourcesBuildPhase section */
		A10000000000000000000009 /* Resources */ = {
			isa = PBXResourcesBuildPhase;
			buildActionMask = 2147483647;
			files = (
			);
			runOnlyForDeploymentPostprocessing = 0;
		};
/* End PBXResourcesBuildPhase section */

/* Begin PBXShellScriptBuildPhase section */
		A10000000000000000000010 /* Embed Toolchain */ = {
			isa = PBXShellScriptBuildPhase;
			alwaysOutOfDate = 1;
			buildActionMask = 2147483647;
			files = (
			);
			inputFileListPaths = (
			);
			inputPaths = (
				"$(SRCROOT)/.build/toolchain/bundle/SwiftyTranscoderToolchain/Contents/Helpers/ffmpeg",
				"$(SRCROOT)/.build/toolchain/bundle/SwiftyTranscoderToolchain/Contents/Helpers/ffprobe",
				"$(SRCROOT)/.build/toolchain/dependencies/share/licenses/freetype/LICENSE.TXT",
				"$(SRCROOT)/.build/toolchain/dependencies/share/licenses/fribidi/COPYING",
				"$(SRCROOT)/.build/toolchain/dependencies/share/licenses/harfbuzz/COPYING",
				"$(SRCROOT)/.build/toolchain/dependencies/share/licenses/libass/COPYING",
				"$(SRCROOT)/.build/toolchain/stage/share/licenses/ffmpeg/COPYING.LGPLv2.1",
				"$(SRCROOT)/.build/toolchain/stage/share/licenses/ffmpeg/LICENSE.md",
				"$(SRCROOT)/.build/restoration-evaluation/converter/weights/RealESRGAN_x2plus_522_fp16.mlpackage/Manifest.json",
				"$(SRCROOT)/.build/restoration-evaluation/converter/weights/RealESRGAN_x2plus_522_fp16.mlpackage/Data/com.apple.CoreML/model.mlmodel",
				"$(SRCROOT)/.build/restoration-evaluation/converter/weights/RealESRGAN_x2plus_522_fp16.mlpackage/Data/com.apple.CoreML/weights/weight.bin",
				"$(SRCROOT)/.build/restoration-evaluation/licenses/Real-ESRGAN-LICENSE.txt",
				"$(SRCROOT)/.build/restoration-evaluation/sd-shape-experiment/RealESRGAN_x2plus_656x384_fp16.mlpackage/Manifest.json",
				"$(SRCROOT)/.build/restoration-evaluation/sd-shape-experiment/RealESRGAN_x2plus_656x384_fp16.mlpackage/Data/com.apple.CoreML/model.mlmodel",
				"$(SRCROOT)/.build/restoration-evaluation/sd-shape-experiment/RealESRGAN_x2plus_656x384_fp16.mlpackage/Data/com.apple.CoreML/weights/weight.bin",
			);
			name = "Embed Toolchain";
			outputFileListPaths = (
			);
			outputPaths = (
				"$(TARGET_BUILD_DIR)/$(CONTENTS_FOLDER_PATH)/Helpers/ffmpeg",
				"$(TARGET_BUILD_DIR)/$(CONTENTS_FOLDER_PATH)/Helpers/ffprobe",
				"$(TARGET_BUILD_DIR)/$(CONTENTS_FOLDER_PATH)/Resources/ThirdPartyNotices/FreeType-LICENSE.txt",
				"$(TARGET_BUILD_DIR)/$(CONTENTS_FOLDER_PATH)/Resources/ThirdPartyNotices/FriBidi-COPYING.txt",
				"$(TARGET_BUILD_DIR)/$(CONTENTS_FOLDER_PATH)/Resources/ThirdPartyNotices/HarfBuzz-COPYING.txt",
				"$(TARGET_BUILD_DIR)/$(CONTENTS_FOLDER_PATH)/Resources/ThirdPartyNotices/libass-COPYING.txt",
				"$(TARGET_BUILD_DIR)/$(CONTENTS_FOLDER_PATH)/Resources/ThirdPartyNotices/FFmpeg-COPYING.LGPLv2.1.txt",
				"$(TARGET_BUILD_DIR)/$(CONTENTS_FOLDER_PATH)/Resources/ThirdPartyNotices/FFmpeg-LICENSE.md",
				"$(TARGET_BUILD_DIR)/$(CONTENTS_FOLDER_PATH)/Resources/Models/RealESRGAN_x2plus_522_fp16.mlpackage/Manifest.json",
				"$(TARGET_BUILD_DIR)/$(CONTENTS_FOLDER_PATH)/Resources/Models/RealESRGAN_x2plus_522_fp16.mlpackage/Data/com.apple.CoreML/model.mlmodel",
				"$(TARGET_BUILD_DIR)/$(CONTENTS_FOLDER_PATH)/Resources/Models/RealESRGAN_x2plus_522_fp16.mlpackage/Data/com.apple.CoreML/weights/weight.bin",
				"$(TARGET_BUILD_DIR)/$(CONTENTS_FOLDER_PATH)/Resources/ThirdPartyNotices/Real-ESRGAN-LICENSE.txt",
				"$(TARGET_BUILD_DIR)/$(CONTENTS_FOLDER_PATH)/Resources/Models/RealESRGAN_x2plus_656x384_fp16.mlpackage/Manifest.json",
				"$(TARGET_BUILD_DIR)/$(CONTENTS_FOLDER_PATH)/Resources/Models/RealESRGAN_x2plus_656x384_fp16.mlpackage/Data/com.apple.CoreML/model.mlmodel",
				"$(TARGET_BUILD_DIR)/$(CONTENTS_FOLDER_PATH)/Resources/Models/RealESRGAN_x2plus_656x384_fp16.mlpackage/Data/com.apple.CoreML/weights/weight.bin",
			);
			runOnlyForDeploymentPostprocessing = 0;
			shellPath = /bin/bash;
			shellScript = "\"$SRCROOT/Scripts/embed-toolchain.sh\"\n";
		};
/* End PBXShellScriptBuildPhase section */

/* Begin PBXSourcesBuildPhase section */
		A10000000000000000000008 /* Sources */ = {
			isa = PBXSourcesBuildPhase;
			buildActionMask = 2147483647;
			files = (
			);
			runOnlyForDeploymentPostprocessing = 0;
		};
/* End PBXSourcesBuildPhase section */

/* Begin XCBuildConfiguration section */
		A1000000000000000000000C /* Debug */ = {
			isa = XCBuildConfiguration;
			buildSettings = {
				CLANG_ENABLE_MODULES = YES;
				CLANG_ENABLE_OBJC_ARC = YES;
				MACOSX_DEPLOYMENT_TARGET = 14.0;
				SDKROOT = macosx;
				SWIFT_VERSION = 6.0;
			};
			name = Debug;
		};
		A1000000000000000000000D /* Release */ = {
			isa = XCBuildConfiguration;
			buildSettings = {
				CLANG_ENABLE_MODULES = YES;
				CLANG_ENABLE_OBJC_ARC = YES;
				MACOSX_DEPLOYMENT_TARGET = 14.0;
				SDKROOT = macosx;
				SWIFT_COMPILATION_MODE = wholemodule;
				SWIFT_VERSION = 6.0;
			};
			name = Release;
		};
		A1000000000000000000000E /* Debug */ = {
			isa = XCBuildConfiguration;
			buildSettings = {
				ASSETCATALOG_COMPILER_APPICON_NAME = AppIcon;
				CODE_SIGN_STYLE = Automatic;
				COMBINE_HIDPI_IMAGES = YES;
				CURRENT_PROJECT_VERSION = 16;
				DEVELOPMENT_TEAM = MV65BFBFT7;
				ENABLE_HARDENED_RUNTIME = YES;
				GENERATE_INFOPLIST_FILE = YES;
				INFOPLIST_KEY_CFBundleDisplayName = SwiftyTranscoder;
				INFOPLIST_KEY_LSApplicationCategoryType = "public.app-category.video";
				MARKETING_VERSION = 1.6.0;
				PRODUCT_BUNDLE_IDENTIFIER = com.jimkelley.SwiftyTranscoder;
				PRODUCT_NAME = "$(TARGET_NAME)";
				SWIFT_EMIT_LOC_STRINGS = YES;
				SWIFT_STRICT_CONCURRENCY = complete;
			};
			name = Debug;
		};
		A1000000000000000000000F /* Release */ = {
			isa = XCBuildConfiguration;
			buildSettings = {
				ASSETCATALOG_COMPILER_APPICON_NAME = AppIcon;
				CODE_SIGN_STYLE = Automatic;
				COMBINE_HIDPI_IMAGES = YES;
				CURRENT_PROJECT_VERSION = 16;
				DEVELOPMENT_TEAM = MV65BFBFT7;
				ENABLE_HARDENED_RUNTIME = YES;
				GENERATE_INFOPLIST_FILE = YES;
				INFOPLIST_KEY_CFBundleDisplayName = SwiftyTranscoder;
				INFOPLIST_KEY_LSApplicationCategoryType = "public.app-category.video";
				MARKETING_VERSION = 1.6.0;
				PRODUCT_BUNDLE_IDENTIFIER = com.jimkelley.SwiftyTranscoder;
				PRODUCT_NAME = "$(TARGET_NAME)";
				SWIFT_EMIT_LOC_STRINGS = YES;
				SWIFT_STRICT_CONCURRENCY = complete;
			};
			name = Release;
		};
/* End XCBuildConfiguration section */

/* Begin XCConfigurationList section */
		A10000000000000000000007 /* Build configuration list for PBXNativeTarget "SwiftyTranscoder" */ = {
			isa = XCConfigurationList;
			buildConfigurations = (
				A1000000000000000000000E /* Debug */,
				A1000000000000000000000F /* Release */,
			);
			defaultConfigurationIsVisible = 0;
			defaultConfigurationName = Release;
		};
		A1000000000000000000000B /* Build configuration list for PBXProject "SwiftyTranscoder" */ = {
			isa = XCConfigurationList;
			buildConfigurations = (
				A1000000000000000000000C /* Debug */,
				A1000000000000000000000D /* Release */,
			);
			defaultConfigurationIsVisible = 0;
			defaultConfigurationName = Release;
		};
/* End XCConfigurationList section */
	};
	rootObject = A1000000000000000000000A /* Project object */;
}
